// !$*UTF8*$!
{
	archiveVersion = 1;
	classes = {
	};
	objectVersion = 46;
	objects = {

/* Begin PBXBuildFile section */
		8F54D17E1BF0B29300F47D00 /* AppDelegate.swift in Sources */ = {isa = PBXBuildFile; fileRef = 8F54D17D1BF0B29300F47D00 /* AppDelegate.swift */; };
		8F54D1801BF0B29300F47D00 /* ViewController.swift in Sources */ = {isa = PBXBuildFile; fileRef = 8F54D17F1BF0B29300F47D00 /* ViewController.swift */; };
		8F54D1831BF0B29300F47D00 /* Main.storyboard in Resources */ = {isa = PBXBuildFile; fileRef = 8F54D1811BF0B29300F47D00 /* Main.storyboard */; };
		8F54D1851BF0B29300F47D00 /* Assets.xcassets in Resources */ = {isa = PBXBuildFile; fileRef = 8F54D1841BF0B29300F47D00 /* Assets.xcassets */; };
		8F54D1881BF0B29300F47D00 /* LaunchScreen.storyboard in Resources */ = {isa = PBXBuildFile; fileRef = 8F54D1861BF0B29300F47D00 /* LaunchScreen.storyboard */; };
		8F54D1931BF0B29300F47D00 /* TablesTests.swift in Sources */ = {isa = PBXBuildFile; fileRef = 8F54D1921BF0B29300F47D00 /* TablesTests.swift */; };
		8F54D19E1BF0B29300F47D00 /* TablesUITests.swift in Sources */ = {isa = PBXBuildFile; fileRef = 8F54D19D1BF0B29300F47D00 /* TablesUITests.swift */; };
		8F54D1AC1BF0BF1C00F47D00 /* DemoTableViewController.swift in Sources */ = {isa = PBXBuildFile; fileRef = 8F54D1AB1BF0BF1C00F47D00 /* DemoTableViewController.swift */; };
/* End PBXBuildFile section */

/* Begin PBXContainerItemProxy section */
		8F54D18F1BF0B29300F47D00 /* PBXContainerItemProxy */ = {
			isa = PBXContainerItemProxy;
			containerPortal = 8F54D1721BF0B29300F47D00 /* Project object */;
			proxyType = 1;
			remoteGlobalIDString = 8F54D1791BF0B29300F47D00;
			remoteInfo = Tables;
		};
		8F54D19A1BF0B29300F47D00 /* PBXContainerItemProxy */ = {
			isa = PBXContainerItemProxy;
			containerPortal = 8F54D1721BF0B29300F47D00 /* Project object */;
			proxyType = 1;
			remoteGlobalIDString = 8F54D1791BF0B29300F47D00;
			remoteInfo = Tables;
		};
/* End PBXContainerItemProxy section */

/* Begin PBXFileReference section */
		8F54D17A1BF0B29300F47D00 /* Tables.app */ = {isa = PBXFileReference; explicitFileType = wrapper.application; includeInIndex = 0; path = Tables.app; sourceTree = BUILT_PRODUCTS_DIR; };
		8F54D17D1BF0B29300F47D00 /* AppDelegate.swift */ = {isa = PBXFileReference; lastKnownFileType = sourcecode.swift; path = AppDelegate.swift; sourceTree = "<group>"; };
		8F54D17F1BF0B29300F47D00 /* ViewController.swift */ = {isa = PBXFileReference; lastKnownFileType = sourcecode.swift; path = ViewController.swift; sourceTree = "<group>"; };
		8F54D1821BF0B29300F47D00 /* Base */ = {isa = PBXFileReference; lastKnownFileType = file.storyboard; name = Base; path = Base.lproj/Main.storyboard; sourceTree = "<group>"; };
		8F54D1841BF0B29300F47D00 /* Assets.xcassets */ = {isa = PBXFileReference; lastKnownFileType = folder.assetcatalog; path = Assets.xcassets; sourceTree = "<group>"; };
		8F54D1871BF0B29300F47D00 /* Base */ = {isa = PBXFileReference; lastKnownFileType = file.storyboard; name = Base; path = Base.lproj/LaunchScreen.storyboard; sourceTree = "<group>"; };
		8F54D1891BF0B29300F47D00 /* Info.plist */ = {isa = PBXFileReference; lastKnownFileType = text.plist.xml; path = Info.plist; sourceTree = "<group>"; };
		8F54D18E1BF0B29300F47D00 /* TablesTests.xctest */ = {isa = PBXFileReference; explicitFileType = wrapper.cfbundle; includeInIndex = 0; path = TablesTests.xctest; sourceTree = BUILT_PRODUCTS_DIR; };
		8F54D1921BF0B29300F47D00 /* TablesTests.swift */ = {isa = PBXFileReference; lastKnownFileType = sourcecode.swift; path = TablesTests.swift; sourceTree = "<group>"; };
		8F54D1941BF0B29300F47D00 /* Info.plist */ = {isa = PBXFileReference; lastKnownFileType = text.plist.xml; path = Info.plist; sourceTree = "<group>"; };
		8F54D1991BF0B29300F47D00 /* TablesUITests.xctest */ = {isa = PBXFileReference; explicitFileType = wrapper.cfbundle; includeInIndex = 0; path = TablesUITests.xctest; sourceTree = BUILT_PRODUCTS_DIR; };
		8F54D19D1BF0B29300F47D00 /* TablesUITests.swift */ = {isa = PBXFileReference; lastKnownFileType = sourcecode.swift; path = TablesUITests.swift; sourceTree = "<group>"; };
		8F54D19F1BF0B29300F47D00 /* Info.plist */ = {isa = PBXFileReference; lastKnownFileType = text.plist.xml; path = Info.plist; sourceTree = "<group>"; };
		8F54D1AB1BF0BF1C00F47D00 /* DemoTableViewController.swift */ = {isa = PBXFileReference; fileEncoding = 4; lastKnownFileType = sourcecode.swift; path = DemoTableViewController.swift; sourceTree = "<group>"; };
/* End PBXFileReference section */

/* Begin PBXFrameworksBuildPhase section */
		8F54D1771BF0B29300F47D00 /* Frameworks */ = {
			isa = PBXFrameworksBuildPhase;
			buildActionMask = 2147483647;
			files = (
			);
			runOnlyForDeploymentPostprocessing = 0;
		};
		8F54D18B1BF0B29300F47D00 /* Frameworks */ = {
			isa = PBXFrameworksBuildPhase;
			buildActionMask = 2147483647;
			files = (
			);
			runOnlyForDeploymentPostprocessing = 0;
		};
		8F54D1961BF0B29300F47D00 /* Frameworks */ = {
			isa = PBXFrameworksBuildPhase;
			buildActionMask = 2147483647;
			files = (
			);
			runOnlyForDeploymentPostprocessing = 0;
		};
/* End PBXFrameworksBuildPhase section */

/* Begin PBXGroup section */
		8F54D1711BF0B29300F47D00 = {
			isa = PBXGroup;
			children = (
				8F54D17C1BF0B29300F47D00 /* Tables */,
				8F54D1911BF0B29300F47D00 /* TablesTests */,
				8F54D19C1BF0B29300F47D00 /* TablesUITests */,
				8F54D17B1BF0B29300F47D00 /* Products */,
			);
			sourceTree = "<group>";
		};
		8F54D17B1BF0B29300F47D00 /* Products */ = {
			isa = PBXGroup;
			children = (
				8F54D17A1BF0B29300F47D00 /* Tables.app */,
				8F54D18E1BF0B29300F47D00 /* TablesTests.xctest */,
				8F54D1991BF0B29300F47D00 /* TablesUITests.xctest */,
			);
			name = Products;
			sourceTree = "<group>";
		};
		8F54D17C1BF0B29300F47D00 /* Tables */ = {
			isa = PBXGroup;
			children = (
				8F54D17D1BF0B29300F47D00 /* AppDelegate.swift */,
				8F54D17F1BF0B29300F47D00 /* ViewController.swift */,
				8F54D1811BF0B29300F47D00 /* Main.storyboard */,
				8F54D1841BF0B29300F47D00 /* Assets.xcassets */,
				8F54D1861BF0B29300F47D00 /* LaunchScreen.storyboard */,
				8F54D1891BF0B29300F47D00 /* Info.plist */,
				8F54D1AB1BF0BF1C00F47D00 /* DemoTableViewController.swift */,
			);
			path = Tables;
			sourceTree = "<group>";
		};
		8F54D1911BF0B29300F47D00 /* TablesTests */ = {
			isa = PBXGroup;
			children = (
				8F54D1921BF0B29300F47D00 /* TablesTests.swift */,
				8F54D1941BF0B29300F47D00 /* Info.plist */,
			);
			path = TablesTests;
			sourceTree = "<group>";
		};
		8F54D19C1BF0B29300F47D00 /* TablesUITests */ = {
			isa = PBXGroup;
			children = (
				8F54D19D1BF0B29300F47D00 /* TablesUITests.swift */,
				8F54D19F1BF0B29300F47D00 /* Info.plist */,
			);
			path = TablesUITests;
			sourceTree = "<group>";
		};
/* End PBXGroup section */

/* Begin PBXNativeTarget section */
		8F54D1791BF0B29300F47D00 /* Tables */ = {
			isa = PBXNativeTarget;
			buildConfigurationList = 8F54D1A21BF0B29300F47D00 /* Build configuration list for PBXNativeTarget "Tables" */;
			buildPhases = (
				8F54D1761BF0B29300F47D00 /* Sources */,
				8F54D1771BF0B29300F47D00 /* Frameworks */,
				8F54D1781BF0B29300F47D00 /* Resources */,
			);
			buildRules = (
			);
			dependencies = (
			);
			name = Tables;
			productName = Tables;
			productReference = 8F54D17A1BF0B29300F47D00 /* Tables.app */;
			productType = "com.apple.product-type.application";
		};
		8F54D18D1BF0B29300F47D00 /* TablesTests */ = {
			isa = PBXNativeTarget;
			buildConfigurationList = 8F54D1A51BF0B29300F47D00 /* Build configuration list for PBXNativeTarget "TablesTests" */;
			buildPhases = (
				8F54D18A1BF0B29300F47D00 /* Sources */,
				8F54D18B1BF0B29300F47D00 /* Frameworks */,
				8F54D18C1BF0B29300F47D00 /* Resources */,
			);
			buildRules = (
			);
			dependencies = (
				8F54D1901BF0B29300F47D00 /* PBXTargetDependency */,
			);
			name = TablesTests;
			productName = TablesTests;
			productReference = 8F54D18E1BF0B29300F47D00 /* TablesTests.xctest */;
			productType = "com.apple.product-type.bundle.unit-test";
		};
		8F54D1981BF0B29300F47D00 /* TablesUITests */ = {
			isa = PBXNativeTarget;
			buildConfigurationList = 8F54D1A81BF0B29300F47D00 /* Build configuration list for PBXNativeTarget "TablesUITests" */;
			buildPhases = (
				8F54D1951BF0B29300F47D00 /* Sources */,
				8F54D1961BF0B29300F47D00 /* Frameworks */,
				8F54D1971BF0B29300F47D00 /* Resources */,
			);
			buildRules = (
			);
			dependencies = (
				8F54D19B1BF0B29300F47D00 /* PBXTargetDependency */,
			);
			name = TablesUITests;
			productName = TablesUITests;
			productReference = 8F54D1991BF0B29300F47D00 /* TablesUITests.xctest */;
			productType = "com.apple.product-type.bundle.ui-testing";
		};
/* End PBXNativeTarget section */

/* Begin PBXProject section */
		8F54D1721BF0B29300F47D00 /* Project object */ = {
			isa = PBXProject;
			attributes = {
				LastSwiftUpdateCheck = 0710;
				LastUpgradeCheck = 0710;
				ORGANIZATIONNAME = ApptivityLab;
				TargetAttributes = {
					8F54D1791BF0B29300F47D00 = {
						CreatedOnToolsVersion = 7.1;
					};
					8F54D18D1BF0B29300F47D00 = {
						CreatedOnToolsVersion = 7.1;
						TestTargetID = 8F54D1791BF0B29300F47D00;
					};
					8F54D1981BF0B29300F47D00 = {
						CreatedOnToolsVersion = 7.1;
						TestTargetID = 8F54D1791BF0B29300F47D00;
					};
				};
			};
			buildConfigurationList = 8F54D1751BF0B29300F47D00 /* Build configuration list for PBXProject "Tables" */;
			compatibilityVersion = "Xcode 3.2";
			developmentRegion = English;
			hasScannedForEncodings = 0;
			knownRegions = (
				en,
				Base,
			);
			mainGroup = 8F54D1711BF0B29300F47D00;
			productRefGroup = 8F54D17B1BF0B29300F47D00 /* Products */;
			projectDirPath = "";
			projectRoot = "";
			targets = (
				8F54D1791BF0B29300F47D00 /* Tables */,
				8F54D18D1BF0B29300F47D00 /* TablesTests */,
				8F54D1981BF0B29300F47D00 /* TablesUITests */,
			);
		};
/* End PBXProject section */

/* Begin PBXResourcesBuildPhase section */
		8F54D1781BF0B29300F47D00 /* Resources */ = {
			isa = PBXResourcesBuildPhase;
			buildActionMask = 2147483647;
			files = (
				8F54D1881BF0B29300F47D00 /* LaunchScreen.storyboard in Resources */,
				8F54D1851BF0B29300F47D00 /* Assets.xcassets in Resources */,
				8F54D1831BF0B29300F47D00 /* Main.storyboard in Resources */,
			);
			runOnlyForDeploymentPostprocessing = 0;
		};
		8F54D18C1BF0B29300F47D00 /* Resources */ = {
			isa = PBXResourcesBuildPhase;
			buildActionMask = 2147483647;
			files = (
			);
			runOnlyForDeploymentPostprocessing = 0;
		};
		8F54D1971BF0B29300F47D00 /* Resources */ = {
			isa = PBXResourcesBuildPhase;
			buildActionMask = 2147483647;
			files = (
			);
			runOnlyForDeploymentPostprocessing = 0;
		};
/* End PBXResourcesBuildPhase section */

/* Begin PBXSourcesBuildPhase section */
		8F54D1761BF0B29300F47D00 /* Sources */ = {
			isa = PBXSourcesBuildPhase;
			buildActionMask = 2147483647;
			files = (
				8F54D1801BF0B29300F47D00 /* ViewController.swift in Sources */,
				8F54D17E1BF0B29300F47D00 /* AppDelegate.swift in Sources */,
				8F54D1AC1BF0BF1C00F47D00 /* DemoTableViewController.swift in Sources */,
			);
			runOnlyForDeploymentPostprocessing = 0;
		};
		8F54D18A1BF0B29300F47D00 /* Sources */ = {
			isa = PBXSourcesBuildPhase;
			buildActionMask = 2147483647;
			files = (
				8F54D1931BF0B29300F47D00 /* TablesTests.swift in Sources */,
			);
			runOnlyForDeploymentPostprocessing = 0;
		};
		8F54D1951BF0B29300F47D00 /* Sources */ = {
			isa = PBXSourcesBuildPhase;
			buildActionMask = 2147483647;
			files = (
				8F54D19E1BF0B29300F47D00 /* TablesUITests.swift in Sources */,
			);
			runOnlyForDeploymentPostprocessing = 0;
		};
/* End PBXSourcesBuildPhase section */

/* Begin PBXTargetDependency section */
		8F54D1901BF0B29300F47D00 /* PBXTargetDependency */ = {
			isa = PBXTargetDependency;
			target = 8F54D1791BF0B29300F47D00 /* Tables */;
			targetProxy = 8F54D18F1BF0B29300F47D00 /* PBXContainerItemProxy */;
		};
		8F54D19B1BF0B29300F47D00 /* PBXTargetDependency */ = {
			isa = PBXTargetDependency;
			target = 8F54D1791BF0B29300F47D00 /* Tables */;
			targetProxy = 8F54D19A1BF0B29300F47D00 /* PBXContainerItemProxy */;
		};
/* End PBXTargetDependency section */

/* Begin PBXVariantGroup section */
		8F54D1811BF0B29300F47D00 /* Main.storyboard */ = {
			isa = PBXVariantGroup;
			children = (
				8F54D1821BF0B29300F47D00 /* Base */,
			);
			name = Main.storyboard;
			sourceTree = "<group>";
		};
		8F54D1861BF0B29300F47D00 /* LaunchScreen.storyboard */ = {
			isa = PBXVariantGroup;
			children = (
				8F54D1871BF0B29300F47D00 /* Base */,
			);
			name = LaunchScreen.storyboard;
			sourceTree = "<group>";
		};
/* End PBXVariantGroup section */

/* Begin XCBuildConfiguration section */
		8F54D1A01BF0B29300F47D00 /* Debug */ = {
			isa = XCBuildConfiguration;
			buildSettings = {
				ALWAYS_SEARCH_USER_PATHS = NO;
				CLANG_CXX_LANGUAGE_STANDARD = "gnu++0x";
				CLANG_CXX_LIBRARY = "libc++";
				CLANG_ENABLE_MODULES = YES;
				CLANG_ENABLE_OBJC_ARC = YES;
				CLANG_WARN_BOOL_CONVERSION = YES;
				CLANG_WARN_CONSTANT_CONVERSION = YES;
				CLANG_WARN_DIRECT_OBJC_ISA_USAGE = YES_ERROR;
				CLANG_WARN_EMPTY_BODY = YES;
				CLANG_WARN_ENUM_CONVERSION = YES;
				CLANG_WARN_INT_CONVERSION = YES;
				CLANG_WARN_OBJC_ROOT_CLASS = YES_ERROR;
				CLANG_WARN_UNREACHABLE_CODE = YES;
				CLANG_WARN__DUPLICATE_METHOD_MATCH = YES;
				"CODE_SIGN_IDENTITY[sdk=iphoneos*]" = "iPhone Developer";
				COPY_PHASE_STRIP = NO;
				DEBUG_INFORMATION_FORMAT = dwarf;
				ENABLE_STRICT_OBJC_MSGSEND = YES;
				ENABLE_TESTABILITY = YES;
				GCC_C_LANGUAGE_STANDARD = gnu99;
				GCC_DYNAMIC_NO_PIC = NO;
				GCC_NO_COMMON_BLOCKS = YES;
				GCC_OPTIMIZATION_LEVEL = 0;
				GCC_PREPROCESSOR_DEFINITIONS = (
					"DEBUG=1",
					"$(inherited)",
				);
				GCC_WARN_64_TO_32_BIT_CONVERSION = YES;
				GCC_WARN_ABOUT_RETURN_TYPE = YES_ERROR;
				GCC_WARN_UNDECLARED_SELECTOR = YES;
				GCC_WARN_UNINITIALIZED_AUTOS = YES_AGGRESSIVE;
				GCC_WARN_UNUSED_FUNCTION = YES;
				GCC_WARN_UNUSED_VARIABLE = YES;
				IPHONEOS_DEPLOYMENT_TARGET = 9.1;
				MTL_ENABLE_DEBUG_INFO = YES;
				ONLY_ACTIVE_ARCH = YES;
				SDKROOT = iphoneos;
				SWIFT_OPTIMIZATION_LEVEL = "-Onone";
				TARGETED_DEVICE_FAMILY = "1,2";
			};
			name = Debug;
		};
		8F54D1A11BF0B29300F47D00 /* Release */ = {
			isa = XCBuildConfiguration;
			buildSettings = {
				ALWAYS_SEARCH_USER_PATHS = NO;
				CLANG_CXX_LANGUAGE_STANDARD = "gnu++0x";
				CLANG_CXX_LIBRARY = "libc++";
				CLANG_ENABLE_MODULES = YES;
				CLANG_ENABLE_OBJC_ARC = YES;
				CLANG_WARN_BOOL_CONVERSION = YES;
				CLANG_WARN_CONSTANT_CONVERSION = YES;
				CLANG_WARN_DIRECT_OBJC_ISA_USAGE = YES_ERROR;
				CLANG_WARN_EMPTY_BODY = YES;
				CLANG_WARN_ENUM_CONVERSION = YES;
				CLANG_WARN_INT_CONVERSION = YES;
				CLANG_WARN_OBJC_ROOT_CLASS = YES_ERROR;
				CLANG_WARN_UNREACHABLE_CODE = YES;
				CLANG_WARN__DUPLICATE_METHOD_MATCH = YES;
				"CODE_SIGN_IDENTITY[sdk=iphoneos*]" = "iPhone Developer";
				COPY_PHASE_STRIP = NO;
				DEBUG_INFORMATION_FORMAT = "dwarf-with-dsym";
				ENABLE_NS_ASSERTIONS = NO;
				ENABLE_STRICT_OBJC_MSGSEND = YES;
				GCC_C_LANGUAGE_STANDARD = gnu99;
				GCC_NO_COMMON_BLOCKS = YES;
				GCC_WARN_64_TO_32_BIT_CONVERSION = YES;
				GCC_WARN_ABOUT_RETURN_TYPE = YES_ERROR;
				GCC_WARN_UNDECLARED_SELECTOR = YES;
				GCC_WARN_UNINITIALIZED_AUTOS = YES_AGGRESSIVE;
				GCC_WARN_UNUSED_FUNCTION = YES;
				GCC_WARN_UNUSED_VARIABLE = YES;
				IPHONEOS_DEPLOYMENT_TARGET = 9.1;
				MTL_ENABLE_DEBUG_INFO = NO;
				SDKROOT = iphoneos;
				TARGETED_DEVICE_FAMILY = "1,2";
				VALIDATE_PRODUCT = YES;
			};
			name = Release;
		};
		8F54D1A31BF0B29300F47D00 /* Debug */ = {
			isa = XCBuildConfiguration;
			buildSettings = {
				ASSETCATALOG_COMPILER_APPICON_NAME = AppIcon;
				INFOPLIST_FILE = Tables/Info.plist;
				IPHONEOS_DEPLOYMENT_TARGET = 9.0;
				LD_RUNPATH_SEARCH_PATHS = "$(inherited) @executable_path/Frameworks";
				PRODUCT_BUNDLE_IDENTIFIER = com.apptivitylab.Tables;
				PRODUCT_NAME = "$(TARGET_NAME)";
			};
			name = Debug;
		};
		8F54D1A41BF0B29300F47D00 /* Release */ = {
			isa = XCBuildConfiguration;
			buildSettings = {
				ASSETCATALOG_COMPILER_APPICON_NAME = AppIcon;
				INFOPLIST_FILE = Tables/Info.plist;
				IPHONEOS_DEPLOYMENT_TARGET = 9.0;
				LD_RUNPATH_SEARCH_PATHS = "$(inherited) @executable_path/Frameworks";
				PRODUCT_BUNDLE_IDENTIFIER = com.apptivitylab.Tables;
				PRODUCT_NAME = "$(TARGET_NAME)";
			};
			name = Release;
		};
		8F54D1A61BF0B29300F47D00 /* Debug */ = {
			isa = XCBuildConfiguration;
			buildSettings = {
				BUNDLE_LOADER = "$(TEST_HOST)";
				INFOPLIST_FILE = TablesTests/Info.plist;
				LD_RUNPATH_SEARCH_PATHS = "$(inherited) @executable_path/Frameworks @loader_path/Frameworks";
				PRODUCT_BUNDLE_IDENTIFIER = com.apptivitylab.TablesTests;
				PRODUCT_NAME = "$(TARGET_NAME)";
				TEST_HOST = "$(BUILT_PRODUCTS_DIR)/Tables.app/Tables";
			};
			name = Debug;
		};
		8F54D1A71BF0B29300F47D00 /* Release */ = {
			isa = XCBuildConfiguration;
			buildSettings = {
				BUNDLE_LOADER = "$(TEST_HOST)";
				INFOPLIST_FILE = TablesTests/Info.plist;
				LD_RUNPATH_SEARCH_PATHS = "$(inherited) @executable_path/Frameworks @loader_path/Frameworks";
				PRODUCT_BUNDLE_IDENTIFIER = com.apptivitylab.TablesTests;
				PRODUCT_NAME = "$(TARGET_NAME)";
				TEST_HOST = "$(BUILT_PRODUCTS_DIR)/Tables.app/Tables";
			};
			name = Release;
		};
		8F54D1A91BF0B29300F47D00 /* Debug */ = {
			isa = XCBuildConfiguration;
			buildSettings = {
				INFOPLIST_FILE = TablesUITests/Info.plist;
				LD_RUNPATH_SEARCH_PATHS = "$(inherited) @executable_path/Frameworks @loader_path/Frameworks";
				PRODUCT_BUNDLE_IDENTIFIER = com.apptivitylab.TablesUITests;
				PRODUCT_NAME = "$(TARGET_NAME)";
				TEST_TARGET_NAME = Tables;
				USES_XCTRUNNER = YES;
			};
			name = Debug;
		};
		8F54D1AA1BF0B29300F47D00 /* Release */ = {
			isa = XCBuildConfiguration;
			buildSettings = {
				INFOPLIST_FILE = TablesUITests/Info.plist;
				LD_RUNPATH_SEARCH_PATHS = "$(inherited) @executable_path/Frameworks @loader_path/Frameworks";
				PRODUCT_BUNDLE_IDENTIFIER = com.apptivitylab.TablesUITests;
				PRODUCT_NAME = "$(TARGET_NAME)";
				TEST_TARGET_NAME = Tables;
				USES_XCTRUNNER = YES;
			};
			name = Release;
		};
/* End XCBuildConfiguration section */

/* Begin XCConfigurationList section */
		8F54D1751BF0B29300F47D00 /* Build configuration list for PBXProject "Tables" */ = {
			isa = XCConfigurationList;
			buildConfigurations = (
				8F54D1A01BF0B29300F47D00 /* Debug */,
				8F54D1A11BF0B29300F47D00 /* Release */,
			);
			defaultConfigurationIsVisible = 0;
			defaultConfigurationName = Release;
		};
		8F54D1A21BF0B29300F47D00 /* Build configuration list for PBXNativeTarget "Tables" */ = {
			isa = XCConfigurationList;
			buildConfigurations = (
				8F54D1A31BF0B29300F47D00 /* Debug */,
				8F54D1A41BF0B29300F47D00 /* Release */,
			);
			defaultConfigurationIsVisible = 0;
			defaultConfigurationName = Release;
		};
		8F54D1A51BF0B29300F47D00 /* Build configuration list for PBXNativeTarget "TablesTests" */ = {
			isa = XCConfigurationList;
			buildConfigurations = (
				8F54D1A61BF0B29300F47D00 /* Debug */,
				8F54D1A71BF0B29300F47D00 /* Release */,
			);
			defaultConfigurationIsVisible = 0;
			defaultConfigurationName = Release;
		};
		8F54D1A81BF0B29300F47D00 /* Build configuration list for PBXNativeTarget "TablesUITests" */ = {
			isa = XCConfigurationList;
			buildConfigurations = (
				8F54D1A91BF0B29300F47D00 /* Debug */,
				8F54D1AA1BF0B29300F47D00 /* Release */,
			);
			defaultConfigurationIsVisible = 0;
			defaultConfigurationName = Release;
		};
/* End XCConfigurationList section */
	};
	rootObject = 8F54D1721BF0B29300F47D00 /* Project object */;
}
